
Microsoft Visual Studio Solution File, Format Version 12.00
# Visual Studio Version 16
VisualStudioVersion = 16.0.29025.244
MinimumVisualStudioVersion = 10.0.40219.1
Project("{FAE04EC0-301F-11D3-BF4B-00C04F79EFBC}") = "ACCollectionLib", "ACCollectionLib\ACCollectionLib.csproj", "{8DEF7A32-C87C-45E3-A5A0-E9B0433276FA}"
EndProject
Project("{FAE04EC0-301F-11D3-BF4B-00C04F79EFBC}") = "TestCollectionLib", "TestCollectionLib\TestCollectionLib.csproj", "{5ABA3744-AD8F-4090-8D11-2051D605DD33}"
	ProjectSection(ProjectDependencies) = postProject
		{8DEF7A32-C87C-45E3-A5A0-E9B0433276FA} = {8DEF7A32-C87C-45E3-A5A0-E9B0433276FA}
	EndProjectSection
EndProject
Project("{FAE04EC0-301F-11D3-BF4B-00C04F79EFBC}") = "ACGUILibrary", "ACGUILibrary\ACGUILibrary.csproj", "{6AF8D611-24D3-47C2-8D60-15B2828112A5}"
EndProject
Project("{FAE04EC0-301F-11D3-BF4B-00C04F79EFBC}") = "ACCryptoAPI", "ACCryptoAPI\ACCryptoAPI.csproj", "{4DC6064C-1623-4C6E-AD7D-D948770F2235}"
EndProject
Project("{FAE04EC0-301F-11D3-BF4B-00C04F79EFBC}") = "TestRandomKeyMixCrypt", "TestRandomKeyMixCrypt\TestRandomKeyMixCrypt.csproj", "{6E7B93D8-D083-4FE8-B808-8B2CB2D875CE}"
	ProjectSection(ProjectDependencies) = postProject
		{4DC6064C-1623-4C6E-AD7D-D948770F2235} = {4DC6064C-1623-4C6E-AD7D-D948770F2235}
	EndProjectSection
EndProject
Project("{FAE04EC0-301F-11D3-BF4B-00C04F79EFBC}") = "TestSignApp", "TestSignApp\TestSignApp.csproj", "{94D07598-B2B7-4DF9-A01F-FAD236F2E04C}"
	ProjectSection(ProjectDependencies) = postProject
		{4DC6064C-1623-4C6E-AD7D-D948770F2235} = {4DC6064C-1623-4C6E-AD7D-D948770F2235}
	EndProjectSection
EndProject
Project("{FAE04EC0-301F-11D3-BF4B-00C04F79EFBC}") = "ACCryptoAPI_R", "ACCryptoAPI_R\ACCryptoAPI_R.csproj", "{A071B7F5-3129-4385-9CCF-EE08A894AE97}"
EndProject
Global
	GlobalSection(SolutionConfigurationPlatforms) = preSolution
		Debug|Any CPU = Debug|Any CPU
		Release|Any CPU = Release|Any CPU
	EndGlobalSection
	GlobalSection(ProjectConfigurationPlatforms) = postSolution
		{8DEF7A32-C87C-45E3-A5A0-E9B0433276FA}.Debug|Any CPU.ActiveCfg = Debug|Any CPU
		{8DEF7A32-C87C-45E3-A5A0-E9B0433276FA}.Debug|Any CPU.Build.0 = Debug|Any CPU
		{8DEF7A32-C87C-45E3-A5A0-E9B0433276FA}.Release|Any CPU.ActiveCfg = Release|Any CPU
		{8DEF7A32-C87C-45E3-A5A0-E9B0433276FA}.Release|Any CPU.Build.0 = Release|Any CPU
		{5ABA3744-AD8F-4090-8D11-2051D605DD33}.Debug|Any CPU.ActiveCfg = Debug|Any CPU
		{5ABA3744-AD8F-4090-8D11-2051D605DD33}.Debug|Any CPU.Build.0 = Debug|Any CPU
		{5ABA3744-AD8F-4090-8D11-2051D605DD33}.Release|Any CPU.ActiveCfg = Release|Any CPU
		{5ABA3744-AD8F-4090-8D11-2051D605DD33}.Release|Any CPU.Build.0 = Release|Any CPU
		{6AF8D611-24D3-47C2-8D60-15B2828112A5}.Debug|Any CPU.ActiveCfg = Debug|Any CPU
		{6AF8D611-24D3-47C2-8D60-15B2828112A5}.Debug|Any CPU.Build.0 = Debug|Any CPU
		{6AF8D611-24D3-47C2-8D60-15B2828112A5}.Release|Any CPU.ActiveCfg = Release|Any CPU
		{6AF8D611-24D3-47C2-8D60-15B2828112A5}.Release|Any CPU.Build.0 = Release|Any CPU
		{4DC6064C-1623-4C6E-AD7D-D948770F2235}.Debug|Any CPU.ActiveCfg = Debug|Any CPU
		{4DC6064C-1623-4C6E-AD7D-D948770F2235}.Debug|Any CPU.Build.0 = Debug|Any CPU
		{4DC6064C-1623-4C6E-AD7D-D948770F2235}.Release|Any CPU.ActiveCfg = Release|Any CPU
		{4DC6064C-1623-4C6E-AD7D-D948770F2235}.Release|Any CPU.Build.0 = Release|Any CPU
		{6E7B93D8-D083-4FE8-B808-8B2CB2D875CE}.Debug|Any CPU.ActiveCfg = Debug|Any CPU
		{6E7B93D8-D083-4FE8-B808-8B2CB2D875CE}.Debug|Any CPU.Build.0 = Debug|Any CPU
		{6E7B93D8-D083-4FE8-B808-8B2CB2D875CE}.Release|Any CPU.ActiveCfg = Release|Any CPU
		{6E7B93D8-D083-4FE8-B808-8B2CB2D875CE}.Release|Any CPU.Build.0 = Release|Any CPU
		{94D07598-B2B7-4DF9-A01F-FAD236F2E04C}.Debug|Any CPU.ActiveCfg = Debug|Any CPU
		{94D07598-B2B7-4DF9-A01F-FAD236F2E04C}.Debug|Any CPU.Build.0 = Debug|Any CPU
		{94D07598-B2B7-4DF9-A01F-FAD236F2E04C}.Release|Any CPU.ActiveCfg = Release|Any CPU
		{94D07598-B2B7-4DF9-A01F-FAD236F2E04C}.Release|Any CPU.Build.0 = Release|Any CPU
		{A071B7F5-3129-4385-9CCF-EE08A894AE97}.Debug|Any CPU.ActiveCfg = Debug|Any CPU
		{A071B7F5-3129-4385-9CCF-EE08A894AE97}.Debug|Any CPU.Build.0 = Debug|Any CPU
		{A071B7F5-3129-4385-9CCF-EE08A894AE97}.Release|Any CPU.ActiveCfg = Release|Any CPU
		{A071B7F5-3129-4385-9CCF-EE08A894AE97}.Release|Any CPU.Build.0 = Release|Any CPU
	EndGlobalSection
	GlobalSection(SolutionProperties) = preSolution
		HideSolutionNode = FALSE
	EndGlobalSection
	GlobalSection(ExtensibilityGlobals) = postSolution
		SolutionGuid = {63F4D6F6-CF42-41C3-9FD8-033C03E8BFA6}
	EndGlobalSection
EndGlobal
